
Microsoft Visual Studio Solution File, Format Version 12.00
# Visual Studio Version 17
VisualStudioVersion = 17.8.34525.116
MinimumVisualStudioVersion = 10.0.40219.1
Project("{9A19103F-16F7-4668-BE54-9A1E7A4F7556}") = "Gigtech", "Gigtech.csproj", "{4CFC2B7E-BD3E-4282-B00E-CB49BDDDF10A}"
EndProject
Project("{FAE04EC0-301F-11D3-BF4B-00C04F79EFBC}") = "xunitTest", "..\xunitTest\xunitTest.csproj", "{6CFC4E26-69A8-4771-BC4E-5C6E5B0B2276}"
EndProject
Global
	GlobalSection(SolutionConfigurationPlatforms) = preSolution
		Debug|Any CPU = Debug|Any CPU
		Release|Any CPU = Release|Any CPU
	EndGlobalSection
	GlobalSection(ProjectConfigurationPlatforms) = postSolution
		{4CFC2B7E-BD3E-4282-B00E-CB49BDDDF10A}.Debug|Any CPU.ActiveCfg = Debug|Any CPU
		{4CFC2B7E-BD3E-4282-B00E-CB49BDDDF10A}.Debug|Any CPU.Build.0 = Debug|Any CPU
		{4CFC2B7E-BD3E-4282-B00E-CB49BDDDF10A}.Release|Any CPU.ActiveCfg = Release|Any CPU
		{4CFC2B7E-BD3E-4282-B00E-CB49BDDDF10A}.Release|Any CPU.Build.0 = Release|Any CPU
		{6CFC4E26-69A8-4771-BC4E-5C6E5B0B2276}.Debug|Any CPU.ActiveCfg = Debug|Any CPU
		{6CFC4E26-69A8-4771-BC4E-5C6E5B0B2276}.Debug|Any CPU.Build.0 = Debug|Any CPU
		{6CFC4E26-69A8-4771-BC4E-5C6E5B0B2276}.Release|Any CPU.ActiveCfg = Release|Any CPU
		{6CFC4E26-69A8-4771-BC4E-5C6E5B0B2276}.Release|Any CPU.Build.0 = Release|Any CPU
	EndGlobalSection
	GlobalSection(SolutionProperties) = preSolution
		HideSolutionNode = FALSE
	EndGlobalSection
	GlobalSection(ExtensibilityGlobals) = postSolution
		SolutionGuid = {AB2A4BD9-5FD7-4CDB-84B2-004EC9874505}
	EndGlobalSection
EndGlobal
